
Microsoft Visual Studio Solution File, Format Version 12.00
# Visual Studio Version 16
VisualStudioVersion = 16.0.32228.343
MinimumVisualStudioVersion = 10.0.40219.1
Project("{FAE04EC0-301F-11D3-BF4B-00C04F79EFBC}") = "Exercicio_002", "Exercicio_002.csproj", "{BA470545-5E7B-4799-8FDD-29EA093FF0EF}"
EndProject
Global
	GlobalSection(SolutionConfigurationPlatforms) = preSolution
		Debug|Any CPU = Debug|Any CPU
		Release|Any CPU = Release|Any CPU
	EndGlobalSection
	GlobalSection(ProjectConfigurationPlatforms) = postSolution
		{BA470545-5E7B-4799-8FDD-29EA093FF0EF}.Debug|Any CPU.ActiveCfg = Debug|Any CPU
		{BA470545-5E7B-4799-8FDD-29EA093FF0EF}.Debug|Any CPU.Build.0 = Debug|Any CPU
		{BA470545-5E7B-4799-8FDD-29EA093FF0EF}.Release|Any CPU.ActiveCfg = Release|Any CPU
		{BA470545-5E7B-4799-8FDD-29EA093FF0EF}.Release|Any CPU.Build.0 = Release|Any CPU
	EndGlobalSection
	GlobalSection(SolutionProperties) = preSolution
		HideSolutionNode = FALSE
	EndGlobalSection
	GlobalSection(ExtensibilityGlobals) = postSolution
		SolutionGuid = {04326C36-E6C8-4EE1-B125-1FF6A996FC0C}
	EndGlobalSection
EndGlobal
